// !$*UTF8*$!
{
	archiveVersion = 1;
	classes = {
	};
	objectVersion = 50;
	objects = {

/* Begin PBXBuildFile section */
		7BA328FE24FC230500C64B36 /* AppDelegate.swift in Sources */ = {isa = PBXBuildFile; fileRef = 7BA328FD24FC230500C64B36 /* AppDelegate.swift */; };
		7BA3290024FC230500C64B36 /* SceneDelegate.swift in Sources */ = {isa = PBXBuildFile; fileRef = 7BA328FF24FC230500C64B36 /* SceneDelegate.swift */; };
		7BA3290224FC230500C64B36 /* ContentView.swift in Sources */ = {isa = PBXBuildFile; fileRef = 7BA3290124FC230500C64B36 /* ContentView.swift */; };
		7BA3290424FC230600C64B36 /* Assets.xcassets in Resources */ = {isa = PBXBuildFile; fileRef = 7BA3290324FC230600C64B36 /* Assets.xcassets */; };
		7BA3290724FC230600C64B36 /* Preview Assets.xcassets in Resources */ = {isa = PBXBuildFile; fileRef = 7BA3290624FC230600C64B36 /* Preview Assets.xcassets */; };
		7BA3290A24FC230600C64B36 /* LaunchScreen.storyboard in Resources */ = {isa = PBXBuildFile; fileRef = 7BA3290824FC230600C64B36 /* LaunchScreen.storyboard */; };
/* End PBXBuildFile section */

/* Begin PBXFileReference section */
		7BA328FA24FC230500C64B36 /* Ulife Reborn.app */ = {isa = PBXFileReference; explicitFileType = wrapper.application; includeInIndex = 0; path = "Ulife Reborn.app"; sourceTree = BUILT_PRODUCTS_DIR; };
		7BA328FD24FC230500C64B36 /* AppDelegate.swift */ = {isa = PBXFileReference; lastKnownFileType = sourcecode.swift; path = AppDelegate.swift; sourceTree = "<group>"; };
		7BA328FF24FC230500C64B36 /* SceneDelegate.swift */ = {isa = PBXFileReference; lastKnownFileType = sourcecode.swift; path = SceneDelegate.swift; sourceTree = "<group>"; };
		7BA3290124FC230500C64B36 /* ContentView.swift */ = {isa = PBXFileReference; lastKnownFileType = sourcecode.swift; path = ContentView.swift; sourceTree = "<group>"; };
		7BA3290324FC230600C64B36 /* Assets.xcassets */ = {isa = PBXFileReference; lastKnownFileType = folder.assetcatalog; path = Assets.xcassets; sourceTree = "<group>"; };
		7BA3290624FC230600C64B36 /* Preview Assets.xcassets */ = {isa = PBXFileReference; lastKnownFileType = folder.assetcatalog; path = "Preview Assets.xcassets"; sourceTree = "<group>"; };
		7BA3290924FC230600C64B36 /* Base */ = {isa = PBXFileReference; lastKnownFileType = file.storyboard; name = Base; path = Base.lproj/LaunchScreen.storyboard; sourceTree = "<group>"; };
		7BA3290B24FC230600C64B36 /* Info.plist */ = {isa = PBXFileReference; lastKnownFileType = text.plist.xml; path = Info.plist; sourceTree = "<group>"; };
/* End PBXFileReference section */

/* Begin PBXFrameworksBuildPhase section */
		7BA328F724FC230500C64B36 /* Frameworks */ = {
			isa = PBXFrameworksBuildPhase;
			buildActionMask = 2147483647;
			files = (
			);
			runOnlyForDeploymentPostprocessing = 0;
		};
/* End PBXFrameworksBuildPhase section */

/* Begin PBXGroup section */
		7BA328F124FC230500C64B36 = {
			isa = PBXGroup;
			children = (
				7BA328FC24FC230500C64B36 /* Ulife Reborn */,
				7BA328FB24FC230500C64B36 /* Products */,
			);
			sourceTree = "<group>";
		};
		7BA328FB24FC230500C64B36 /* Products */ = {
			isa = PBXGroup;
			children = (
				7BA328FA24FC230500C64B36 /* Ulife Reborn.app */,
			);
			name = Products;
			sourceTree = "<group>";
		};
		7BA328FC24FC230500C64B36 /* Ulife Reborn */ = {
			isa = PBXGroup;
			children = (
				7BA328FD24FC230500C64B36 /* AppDelegate.swift */,
				7BA328FF24FC230500C64B36 /* SceneDelegate.swift */,
				7BA3290124FC230500C64B36 /* ContentView.swift */,
				7BA3290324FC230600C64B36 /* Assets.xcassets */,
				7BA3290824FC230600C64B36 /* LaunchScreen.storyboard */,
				7BA3290B24FC230600C64B36 /* Info.plist */,
				7BA3290524FC230600C64B36 /* Preview Content */,
			);
			path = "Ulife Reborn";
			sourceTree = "<group>";
		};
		7BA3290524FC230600C64B36 /* Preview Content */ = {
			isa = PBXGroup;
			children = (
				7BA3290624FC230600C64B36 /* Preview Assets.xcassets */,
			);
			path = "Preview Content";
			sourceTree = "<group>";
		};
/* End PBXGroup section */

/* Begin PBXNativeTarget section */
		7BA328F924FC230500C64B36 /* Ulife Reborn */ = {
			isa = PBXNativeTarget;
			buildConfigurationList = 7BA3290E24FC230600C64B36 /* Build configuration list for PBXNativeTarget "Ulife Reborn" */;
			buildPhases = (
				7BA328F624FC230500C64B36 /* Sources */,
				7BA328F724FC230500C64B36 /* Frameworks */,
				7BA328F824FC230500C64B36 /* Resources */,
			);
			buildRules = (
			);
			dependencies = (
			);
			name = "Ulife Reborn";
			productName = "Ulife Reborn";
			productReference = 7BA328FA24FC230500C64B36 /* Ulife Reborn.app */;
			productType = "com.apple.product-type.application";
		};
/* End PBXNativeTarget section */

/* Begin PBXProject section */
		7BA328F224FC230500C64B36 /* Project object */ = {
			isa = PBXProject;
			attributes = {
				LastSwiftUpdateCheck = 1150;
				LastUpgradeCheck = 1150;
				ORGANIZATIONNAME = "Vitor Hugo";
				TargetAttributes = {
					7BA328F924FC230500C64B36 = {
						CreatedOnToolsVersion = 11.5;
					};
				};
			};
			buildConfigurationList = 7BA328F524FC230500C64B36 /* Build configuration list for PBXProject "Ulife Reborn" */;
			compatibilityVersion = "Xcode 9.3";
			developmentRegion = en;
			hasScannedForEncodings = 0;
			knownRegions = (
				en,
				Base,
			);
			mainGroup = 7BA328F124FC230500C64B36;
			productRefGroup = 7BA328FB24FC230500C64B36 /* Products */;
			projectDirPath = "";
			projectRoot = "";
			targets = (
				7BA328F924FC230500C64B36 /* Ulife Reborn */,
			);
		};
/* End PBXProject section */

/* Begin PBXResourcesBuildPhase section */
		7BA328F824FC230500C64B36 /* Resources */ = {
			isa = PBXResourcesBuildPhase;
			buildActionMask = 2147483647;
			files = (
				7BA3290A24FC230600C64B36 /* LaunchScreen.storyboard in Resources */,
				7BA3290724FC230600C64B36 /* Preview Assets.xcassets in Resources */,
				7BA3290424FC230600C64B36 /* Assets.xcassets in Resources */,
			);
			runOnlyForDeploymentPostprocessing = 0;
		};
/* End PBXResourcesBuildPhase section */

/* Begin PBXSourcesBuildPhase section */
		7BA328F624FC230500C64B36 /* Sources */ = {
			isa = PBXSourcesBuildPhase;
			buildActionMask = 2147483647;
			files = (
				7BA328FE24FC230500C64B36 /* AppDelegate.swift in Sources */,
				7BA3290024FC230500C64B36 /* SceneDelegate.swift in Sources */,
				7BA3290224FC230500C64B36 /* ContentView.swift in Sources */,
			);
			runOnlyForDeploymentPostprocessing = 0;
		};
/* End PBXSourcesBuildPhase section */

/* Begin PBXVariantGroup section */
		7BA3290824FC230600C64B36 /* LaunchScreen.storyboard */ = {
			isa = PBXVariantGroup;
			children = (
				7BA3290924FC230600C64B36 /* Base */,
			);
			name = LaunchScreen.storyboard;
			sourceTree = "<group>";
		};
/* End PBXVariantGroup section */

/* Begin XCBuildConfiguration section */
		7BA3290C24FC230600C64B36 /* Debug */ = {
			isa = XCBuildConfiguration;
			buildSettings = {
				ALWAYS_SEARCH_USER_PATHS = NO;
				CLANG_ANALYZER_NONNULL = YES;
				CLANG_ANALYZER_NUMBER_OBJECT_CONVERSION = YES_AGGRESSIVE;
				CLANG_CXX_LANGUAGE_STANDARD = "gnu++14";
				CLANG_CXX_LIBRARY = "libc++";
				CLANG_ENABLE_MODULES = YES;
				CLANG_ENABLE_OBJC_ARC = YES;
				CLANG_ENABLE_OBJC_WEAK = YES;
				CLANG_WARN_BLOCK_CAPTURE_AUTORELEASING = YES;
				CLANG_WARN_BOOL_CONVERSION = YES;
				CLANG_WARN_COMMA = YES;
				CLANG_WARN_CONSTANT_CONVERSION = YES;
				CLANG_WARN_DEPRECATED_OBJC_IMPLEMENTATIONS = YES;
				CLANG_WARN_DIRECT_OBJC_ISA_USAGE = YES_ERROR;
				CLANG_WARN_DOCUMENTATION_COMMENTS = YES;
				CLANG_WARN_EMPTY_BODY = YES;
				CLANG_WARN_ENUM_CONVERSION = YES;
				CLANG_WARN_INFINITE_RECURSION = YES;
				CLANG_WARN_INT_CONVERSION = YES;
				CLANG_WARN_NON_LITERAL_NULL_CONVERSION = YES;
				CLANG_WARN_OBJC_IMPLICIT_RETAIN_SELF = YES;
				CLANG_WARN_OBJC_LITERAL_CONVERSION = YES;
				CLANG_WARN_OBJC_ROOT_CLASS = YES_ERROR;
				CLANG_WARN_RANGE_LOOP_ANALYSIS = YES;
				CLANG_WARN_STRICT_PROTOTYPES = YES;
				CLANG_WARN_SUSPICIOUS_MOVE = YES;
				CLANG_WARN_UNGUARDED_AVAILABILITY = YES_AGGRESSIVE;
				CLANG_WARN_UNREACHABLE_CODE = YES;
				CLANG_WARN__DUPLICATE_METHOD_MATCH = YES;
				COPY_PHASE_STRIP = NO;
				DEBUG_INFORMATION_FORMAT = dwarf;
				ENABLE_STRICT_OBJC_MSGSEND = YES;
				ENABLE_TESTABILITY = YES;
				GCC_C_LANGUAGE_STANDARD = gnu11;
				GCC_DYNAMIC_NO_PIC = NO;
				GCC_NO_COMMON_BLOCKS = YES;
				GCC_OPTIMIZATION_LEVEL = 0;
				GCC_PREPROCESSOR_DEFINITIONS = (
					"DEBUG=1",
					"$(inherited)",
				);
				GCC_WARN_64_TO_32_BIT_CONVERSION = YES;
				GCC_WARN_ABOUT_RETURN_TYPE = YES_ERROR;
				GCC_WARN_UNDECLARED_SELECTOR = YES;
				GCC_WARN_UNINITIALIZED_AUTOS = YES_AGGRESSIVE;
				GCC_WARN_UNUSED_FUNCTION = YES;
				GCC_WARN_UNUSED_VARIABLE = YES;
				IPHONEOS_DEPLOYMENT_TARGET = 13.5;
				MTL_ENABLE_DEBUG_INFO = INCLUDE_SOURCE;
				MTL_FAST_MATH = YES;
				ONLY_ACTIVE_ARCH = YES;
				SDKROOT = iphoneos;
				SWIFT_ACTIVE_COMPILATION_CONDITIONS = DEBUG;
				SWIFT_OPTIMIZATION_LEVEL = "-Onone";
			};
			name = Debug;
		};
		7BA3290D24FC230600C64B36 /* Release */ = {
			isa = XCBuildConfiguration;
			buildSettings = {
				ALWAYS_SEARCH_USER_PATHS = NO;
				CLANG_ANALYZER_NONNULL = YES;
				CLANG_ANALYZER_NUMBER_OBJECT_CONVERSION = YES_AGGRESSIVE;
				CLANG_CXX_LANGUAGE_STANDARD = "gnu++14";
				CLANG_CXX_LIBRARY = "libc++";
				CLANG_ENABLE_MODULES = YES;
				CLANG_ENABLE_OBJC_ARC = YES;
				CLANG_ENABLE_OBJC_WEAK = YES;
				CLANG_WARN_BLOCK_CAPTURE_AUTORELEASING = YES;
				CLANG_WARN_BOOL_CONVERSION = YES;
				CLANG_WARN_COMMA = YES;
				CLANG_WARN_CONSTANT_CONVERSION = YES;
				CLANG_WARN_DEPRECATED_OBJC_IMPLEMENTATIONS = YES;
				CLANG_WARN_DIRECT_OBJC_ISA_USAGE = YES_ERROR;
				CLANG_WARN_DOCUMENTATION_COMMENTS = YES;
				CLANG_WARN_EMPTY_BODY = YES;
				CLANG_WARN_ENUM_CONVERSION = YES;
				CLANG_WARN_INFINITE_RECURSION = YES;
				CLANG_WARN_INT_CONVERSION = YES;
				CLANG_WARN_NON_LITERAL_NULL_CONVERSION = YES;
				CLANG_WARN_OBJC_IMPLICIT_RETAIN_SELF = YES;
				CLANG_WARN_OBJC_LITERAL_CONVERSION = YES;
				CLANG_WARN_OBJC_ROOT_CLASS = YES_ERROR;
				CLANG_WARN_RANGE_LOOP_ANALYSIS = YES;
				CLANG_WARN_STRICT_PROTOTYPES = YES;
				CLANG_WARN_SUSPICIOUS_MOVE = YES;
				CLANG_WARN_UNGUARDED_AVAILABILITY = YES_AGGRESSIVE;
				CLANG_WARN_UNREACHABLE_CODE = YES;
				CLANG_WARN__DUPLICATE_METHOD_MATCH = YES;
				COPY_PHASE_STRIP = NO;
				DEBUG_INFORMATION_FORMAT = "dwarf-with-dsym";
				ENABLE_NS_ASSERTIONS = NO;
				ENABLE_STRICT_OBJC_MSGSEND = YES;
				GCC_C_LANGUAGE_STANDARD = gnu11;
				GCC_NO_COMMON_BLOCKS = YES;
				GCC_WARN_64_TO_32_BIT_CONVERSION = YES;
				GCC_WARN_ABOUT_RETURN_TYPE = YES_ERROR;
				GCC_WARN_UNDECLARED_SELECTOR = YES;
				GCC_WARN_UNINITIALIZED_AUTOS = YES_AGGRESSIVE;
				GCC_WARN_UNUSED_FUNCTION = YES;
				GCC_WARN_UNUSED_VARIABLE = YES;
				IPHONEOS_DEPLOYMENT_TARGET = 13.5;
				MTL_ENABLE_DEBUG_INFO = NO;
				MTL_FAST_MATH = YES;
				SDKROOT = iphoneos;
				SWIFT_COMPILATION_MODE = wholemodule;
				SWIFT_OPTIMIZATION_LEVEL = "-O";
				VALIDATE_PRODUCT = YES;
			};
			name = Release;
		};
		7BA3290F24FC230600C64B36 /* Debug */ = {
			isa = XCBuildConfiguration;
			buildSettings = {
				ASSETCATALOG_COMPILER_APPICON_NAME = AppIcon;
				CODE_SIGN_STYLE = Automatic;
				DEVELOPMENT_ASSET_PATHS = "\"Ulife Reborn/Preview Content\"";
				DEVELOPMENT_TEAM = ML245MDNLL;
				ENABLE_PREVIEWS = YES;
				INFOPLIST_FILE = "Ulife Reborn/Info.plist";
				LD_RUNPATH_SEARCH_PATHS = (
					"$(inherited)",
					"@executable_path/Frameworks",
				);
				PRODUCT_BUNDLE_IDENTIFIER = "io.github.amazingvitor.Ulife-Reborn";
				PRODUCT_NAME = "$(TARGET_NAME)";
				SWIFT_VERSION = 5.0;
				TARGETED_DEVICE_FAMILY = "1,2";
			};
			name = Debug;
		};
		7BA3291024FC230600C64B36 /* Release */ = {
			isa = XCBuildConfiguration;
			buildSettings = {
				ASSETCATALOG_COMPILER_APPICON_NAME = AppIcon;
				CODE_SIGN_STYLE = Automatic;
				DEVELOPMENT_ASSET_PATHS = "\"Ulife Reborn/Preview Content\"";
				DEVELOPMENT_TEAM = ML245MDNLL;
				ENABLE_PREVIEWS = YES;
				INFOPLIST_FILE = "Ulife Reborn/Info.plist";
				LD_RUNPATH_SEARCH_PATHS = (
					"$(inherited)",
					"@executable_path/Frameworks",
				);
				PRODUCT_BUNDLE_IDENTIFIER = "io.github.amazingvitor.Ulife-Reborn";
				PRODUCT_NAME = "$(TARGET_NAME)";
				SWIFT_VERSION = 5.0;
				TARGETED_DEVICE_FAMILY = "1,2";
			};
			name = Release;
		};
/* End XCBuildConfiguration section */

/* Begin XCConfigurationList section */
		7BA328F524FC230500C64B36 /* Build configuration list for PBXProject "Ulife Reborn" */ = {
			isa = XCConfigurationList;
			buildConfigurations = (
				7BA3290C24FC230600C64B36 /* Debug */,
				7BA3290D24FC230600C64B36 /* Release */,
			);
			defaultConfigurationIsVisible = 0;
			defaultConfigurationName = Release;
		};
		7BA3290E24FC230600C64B36 /* Build configuration list for PBXNativeTarget "Ulife Reborn" */ = {
			isa = XCConfigurationList;
			buildConfigurations = (
				7BA3290F24FC230600C64B36 /* Debug */,
				7BA3291024FC230600C64B36 /* Release */,
			);
			defaultConfigurationIsVisible = 0;
			defaultConfigurationName = Release;
		};
/* End XCConfigurationList section */
	};
	rootObject = 7BA328F224FC230500C64B36 /* Project object */;
}
